
Microsoft Visual Studio Solution File, Format Version 12.00
# Visual Studio Version 17
VisualStudioVersion = 17.5.33502.453
MinimumVisualStudioVersion = 10.0.40219.1
Project("{FAE04EC0-301F-11D3-BF4B-00C04F79EFBC}") = "HRManagement", "HRManagement.csproj", "{3089AE55-0D02-4959-92C3-4D12C719246C}"
EndProject
Global
	GlobalSection(SolutionConfigurationPlatforms) = preSolution
		Debug|Any CPU = Debug|Any CPU
		Release|Any CPU = Release|Any CPU
	EndGlobalSection
	GlobalSection(ProjectConfigurationPlatforms) = postSolution
		{3089AE55-0D02-4959-92C3-4D12C719246C}.Debug|Any CPU.ActiveCfg = Debug|Any CPU
		{3089AE55-0D02-4959-92C3-4D12C719246C}.Debug|Any CPU.Build.0 = Debug|Any CPU
		{3089AE55-0D02-4959-92C3-4D12C719246C}.Release|Any CPU.ActiveCfg = Release|Any CPU
		{3089AE55-0D02-4959-92C3-4D12C719246C}.Release|Any CPU.Build.0 = Release|Any CPU
	EndGlobalSection
	GlobalSection(SolutionProperties) = preSolution
		HideSolutionNode = FALSE
	EndGlobalSection
	GlobalSection(ExtensibilityGlobals) = postSolution
		SolutionGuid = {2CBE9DCB-4141-4E60-A93C-D021C2281DFD}
	EndGlobalSection
EndGlobal
